
Microsoft Visual Studio Solution File, Format Version 12.00
Project("{FAE04EC0-301F-11D3-BF4B-00C04F79EFBC}") = "MiniBank.Core", "MiniBank.Core\MiniBank.Core.csproj", "{3F8B3CEA-E4BA-4476-9C02-28935A50577E}"
EndProject
Project("{FAE04EC0-301F-11D3-BF4B-00C04F79EFBC}") = "MiniBank.Data", "MiniBank.Data\MiniBank.Data.csproj", "{255AF296-E628-4E07-B780-242F11994B66}"
EndProject
Project("{FAE04EC0-301F-11D3-BF4B-00C04F79EFBC}") = "MiniBank.Web", "MiniBank.Web\MiniBank.Web.csproj", "{B2D4718B-D01F-4EDB-A87D-25169398C71C}"
EndProject
Project("{FAE04EC0-301F-11D3-BF4B-00C04F79EFBC}") = "MiniBank.Core.Tests", "MiniBank.Core.Tests\MiniBank.Core.Tests.csproj", "{61677162-81DE-4F09-A124-D1F93AD5A84A}"
EndProject
Global
	GlobalSection(SolutionConfigurationPlatforms) = preSolution
		Debug|Any CPU = Debug|Any CPU
		Release|Any CPU = Release|Any CPU
	EndGlobalSection
	GlobalSection(ProjectConfigurationPlatforms) = postSolution
		{3F8B3CEA-E4BA-4476-9C02-28935A50577E}.Debug|Any CPU.ActiveCfg = Debug|Any CPU
		{3F8B3CEA-E4BA-4476-9C02-28935A50577E}.Debug|Any CPU.Build.0 = Debug|Any CPU
		{3F8B3CEA-E4BA-4476-9C02-28935A50577E}.Release|Any CPU.ActiveCfg = Release|Any CPU
		{3F8B3CEA-E4BA-4476-9C02-28935A50577E}.Release|Any CPU.Build.0 = Release|Any CPU
		{255AF296-E628-4E07-B780-242F11994B66}.Debug|Any CPU.ActiveCfg = Debug|Any CPU
		{255AF296-E628-4E07-B780-242F11994B66}.Debug|Any CPU.Build.0 = Debug|Any CPU
		{255AF296-E628-4E07-B780-242F11994B66}.Release|Any CPU.ActiveCfg = Release|Any CPU
		{255AF296-E628-4E07-B780-242F11994B66}.Release|Any CPU.Build.0 = Release|Any CPU
		{B2D4718B-D01F-4EDB-A87D-25169398C71C}.Debug|Any CPU.ActiveCfg = Debug|Any CPU
		{B2D4718B-D01F-4EDB-A87D-25169398C71C}.Debug|Any CPU.Build.0 = Debug|Any CPU
		{B2D4718B-D01F-4EDB-A87D-25169398C71C}.Release|Any CPU.ActiveCfg = Release|Any CPU
		{B2D4718B-D01F-4EDB-A87D-25169398C71C}.Release|Any CPU.Build.0 = Release|Any CPU
		{61677162-81DE-4F09-A124-D1F93AD5A84A}.Debug|Any CPU.ActiveCfg = Debug|Any CPU
		{61677162-81DE-4F09-A124-D1F93AD5A84A}.Debug|Any CPU.Build.0 = Debug|Any CPU
		{61677162-81DE-4F09-A124-D1F93AD5A84A}.Release|Any CPU.ActiveCfg = Release|Any CPU
		{61677162-81DE-4F09-A124-D1F93AD5A84A}.Release|Any CPU.Build.0 = Release|Any CPU
	EndGlobalSection
	GlobalSection(NestedProjects) = preSolution
	EndGlobalSection
EndGlobal
